
Microsoft Visual Studio Solution File, Format Version 12.00
# Visual Studio for Mac
Project("{FAE04EC0-301F-11D3-BF4B-00C04F79EFBC}") = "Week5Lesson2", "Assembly-CSharp.csproj", "{934AED09-C800-7828-0D6D-DDB34855FBEA}"
EndProject
Project("{FAE04EC0-301F-11D3-BF4B-00C04F79EFBC}") = "Week5Lesson2", "Assembly-CSharp-firstpass.csproj", "{27B08C58-72A8-7246-E9AA-F61D510E02C5}"
EndProject
Project("{FAE04EC0-301F-11D3-BF4B-00C04F79EFBC}") = "Week5Lesson2", "Assembly-CSharp-Editor.csproj", "{04906C94-AAF9-81D9-7E79-1C52F657074A}"
EndProject
Global
	GlobalSection(SolutionConfigurationPlatforms) = preSolution
		Debug|Any CPU = Debug|Any CPU
		Release|Any CPU = Release|Any CPU
	EndGlobalSection
	GlobalSection(ProjectConfigurationPlatforms) = postSolution
		{934AED09-C800-7828-0D6D-DDB34855FBEA}.Debug|Any CPU.ActiveCfg = Debug|Any CPU
		{934AED09-C800-7828-0D6D-DDB34855FBEA}.Debug|Any CPU.Build.0 = Debug|Any CPU
		{934AED09-C800-7828-0D6D-DDB34855FBEA}.Release|Any CPU.ActiveCfg = Release|Any CPU
		{934AED09-C800-7828-0D6D-DDB34855FBEA}.Release|Any CPU.Build.0 = Release|Any CPU
		{27B08C58-72A8-7246-E9AA-F61D510E02C5}.Debug|Any CPU.ActiveCfg = Debug|Any CPU
		{27B08C58-72A8-7246-E9AA-F61D510E02C5}.Debug|Any CPU.Build.0 = Debug|Any CPU
		{27B08C58-72A8-7246-E9AA-F61D510E02C5}.Release|Any CPU.ActiveCfg = Release|Any CPU
		{27B08C58-72A8-7246-E9AA-F61D510E02C5}.Release|Any CPU.Build.0 = Release|Any CPU
		{04906C94-AAF9-81D9-7E79-1C52F657074A}.Debug|Any CPU.ActiveCfg = Debug|Any CPU
		{04906C94-AAF9-81D9-7E79-1C52F657074A}.Debug|Any CPU.Build.0 = Debug|Any CPU
		{04906C94-AAF9-81D9-7E79-1C52F657074A}.Release|Any CPU.ActiveCfg = Release|Any CPU
		{04906C94-AAF9-81D9-7E79-1C52F657074A}.Release|Any CPU.Build.0 = Release|Any CPU
	EndGlobalSection
	GlobalSection(SolutionProperties) = preSolution
		HideSolutionNode = FALSE
	EndGlobalSection
EndGlobal
