
Microsoft Visual Studio Solution File, Format Version 12.00
# Visual Studio for Mac
Project("{FAE04EC0-301F-11D3-BF4B-00C04F79EFBC}") = "Week4Lesson2", "Assembly-CSharp.csproj", "{986D15C3-FDE4-B82D-1AF5-EFA04A8751CD}"
EndProject
Project("{FAE04EC0-301F-11D3-BF4B-00C04F79EFBC}") = "Week4Lesson2", "Assembly-CSharp-Editor.csproj", "{B5B60239-79A5-FD2B-B640-E59E0FC69947}"
EndProject
Global
	GlobalSection(SolutionConfigurationPlatforms) = preSolution
		Debug|Any CPU = Debug|Any CPU
		Release|Any CPU = Release|Any CPU
	EndGlobalSection
	GlobalSection(ProjectConfigurationPlatforms) = postSolution
		{986D15C3-FDE4-B82D-1AF5-EFA04A8751CD}.Debug|Any CPU.ActiveCfg = Debug|Any CPU
		{986D15C3-FDE4-B82D-1AF5-EFA04A8751CD}.Debug|Any CPU.Build.0 = Debug|Any CPU
		{986D15C3-FDE4-B82D-1AF5-EFA04A8751CD}.Release|Any CPU.ActiveCfg = Release|Any CPU
		{986D15C3-FDE4-B82D-1AF5-EFA04A8751CD}.Release|Any CPU.Build.0 = Release|Any CPU
		{B5B60239-79A5-FD2B-B640-E59E0FC69947}.Debug|Any CPU.ActiveCfg = Debug|Any CPU
		{B5B60239-79A5-FD2B-B640-E59E0FC69947}.Debug|Any CPU.Build.0 = Debug|Any CPU
		{B5B60239-79A5-FD2B-B640-E59E0FC69947}.Release|Any CPU.ActiveCfg = Release|Any CPU
		{B5B60239-79A5-FD2B-B640-E59E0FC69947}.Release|Any CPU.Build.0 = Release|Any CPU
	EndGlobalSection
	GlobalSection(SolutionProperties) = preSolution
		HideSolutionNode = FALSE
	EndGlobalSection
EndGlobal
