
Microsoft Visual Studio Solution File, Format Version 12.00
# Visual Studio 15
Project("{FAE04EC0-301F-11D3-BF4B-00C04F79EFBC}") = "Assembly-CSharp", "Assembly-CSharp.csproj", "{90BC8CB3-4D26-DC62-8E14-04B743C01513}"
EndProject
Project("{FAE04EC0-301F-11D3-BF4B-00C04F79EFBC}") = "Assembly-CSharp-firstpass", "Assembly-CSharp-firstpass.csproj", "{E29D2FB6-7DE9-5630-2236-C3579303C836}"
EndProject
Project("{FAE04EC0-301F-11D3-BF4B-00C04F79EFBC}") = "Assembly-CSharp-Editor-firstpass", "Assembly-CSharp-Editor-firstpass.csproj", "{3C76F993-60FB-240F-4EDC-8D70FD087768}"
EndProject
Global
	GlobalSection(SolutionConfigurationPlatforms) = preSolution
		Debug|Any CPU = Debug|Any CPU
		Release|Any CPU = Release|Any CPU
	EndGlobalSection
	GlobalSection(ProjectConfigurationPlatforms) = postSolution
		{90BC8CB3-4D26-DC62-8E14-04B743C01513}.Debug|Any CPU.ActiveCfg = Debug|Any CPU
		{90BC8CB3-4D26-DC62-8E14-04B743C01513}.Debug|Any CPU.Build.0 = Debug|Any CPU
		{90BC8CB3-4D26-DC62-8E14-04B743C01513}.Release|Any CPU.ActiveCfg = Release|Any CPU
		{90BC8CB3-4D26-DC62-8E14-04B743C01513}.Release|Any CPU.Build.0 = Release|Any CPU
		{E29D2FB6-7DE9-5630-2236-C3579303C836}.Debug|Any CPU.ActiveCfg = Debug|Any CPU
		{E29D2FB6-7DE9-5630-2236-C3579303C836}.Debug|Any CPU.Build.0 = Debug|Any CPU
		{E29D2FB6-7DE9-5630-2236-C3579303C836}.Release|Any CPU.ActiveCfg = Release|Any CPU
		{E29D2FB6-7DE9-5630-2236-C3579303C836}.Release|Any CPU.Build.0 = Release|Any CPU
		{3C76F993-60FB-240F-4EDC-8D70FD087768}.Debug|Any CPU.ActiveCfg = Debug|Any CPU
		{3C76F993-60FB-240F-4EDC-8D70FD087768}.Debug|Any CPU.Build.0 = Debug|Any CPU
		{3C76F993-60FB-240F-4EDC-8D70FD087768}.Release|Any CPU.ActiveCfg = Release|Any CPU
		{3C76F993-60FB-240F-4EDC-8D70FD087768}.Release|Any CPU.Build.0 = Release|Any CPU
	EndGlobalSection
	GlobalSection(SolutionProperties) = preSolution
		HideSolutionNode = FALSE
	EndGlobalSection
EndGlobal
