
Microsoft Visual Studio Solution File, Format Version 12.00
# Visual Studio for Mac
Project("{FAE04EC0-301F-11D3-BF4B-00C04F79EFBC}") = "Assembly-CSharp", "Assembly-CSharp.csproj", "{7C6454AC-604E-F1C3-7984-4C41D3E722CB}"
EndProject
Project("{FAE04EC0-301F-11D3-BF4B-00C04F79EFBC}") = "Assembly-CSharp-firstpass", "Assembly-CSharp-firstpass.csproj", "{135DA012-E6EF-4D5F-DE1E-7B8277642956}"
EndProject
Project("{FAE04EC0-301F-11D3-BF4B-00C04F79EFBC}") = "Assembly-CSharp-Editor-firstpass", "Assembly-CSharp-Editor-firstpass.csproj", "{A01300AA-1C40-DCC0-30AC-9AEDA6925366}"
EndProject
Global
	GlobalSection(SolutionConfigurationPlatforms) = preSolution
		Debug|Any CPU = Debug|Any CPU
		Release|Any CPU = Release|Any CPU
	EndGlobalSection
	GlobalSection(ProjectConfigurationPlatforms) = postSolution
		{7C6454AC-604E-F1C3-7984-4C41D3E722CB}.Debug|Any CPU.ActiveCfg = Debug|Any CPU
		{7C6454AC-604E-F1C3-7984-4C41D3E722CB}.Debug|Any CPU.Build.0 = Debug|Any CPU
		{7C6454AC-604E-F1C3-7984-4C41D3E722CB}.Release|Any CPU.ActiveCfg = Release|Any CPU
		{7C6454AC-604E-F1C3-7984-4C41D3E722CB}.Release|Any CPU.Build.0 = Release|Any CPU
		{135DA012-E6EF-4D5F-DE1E-7B8277642956}.Debug|Any CPU.ActiveCfg = Debug|Any CPU
		{135DA012-E6EF-4D5F-DE1E-7B8277642956}.Debug|Any CPU.Build.0 = Debug|Any CPU
		{135DA012-E6EF-4D5F-DE1E-7B8277642956}.Release|Any CPU.ActiveCfg = Release|Any CPU
		{135DA012-E6EF-4D5F-DE1E-7B8277642956}.Release|Any CPU.Build.0 = Release|Any CPU
		{A01300AA-1C40-DCC0-30AC-9AEDA6925366}.Debug|Any CPU.ActiveCfg = Debug|Any CPU
		{A01300AA-1C40-DCC0-30AC-9AEDA6925366}.Debug|Any CPU.Build.0 = Debug|Any CPU
		{A01300AA-1C40-DCC0-30AC-9AEDA6925366}.Release|Any CPU.ActiveCfg = Release|Any CPU
		{A01300AA-1C40-DCC0-30AC-9AEDA6925366}.Release|Any CPU.Build.0 = Release|Any CPU
	EndGlobalSection
	GlobalSection(SolutionProperties) = preSolution
		HideSolutionNode = FALSE
	EndGlobalSection
EndGlobal
