
Microsoft Visual Studio Solution File, Format Version 12.00
# Visual Studio for Mac
Project("{FAE04EC0-301F-11D3-BF4B-00C04F79EFBC}") = "Assembly-CSharp", "Assembly-CSharp.csproj", "{7BEAFC34-E897-860B-3660-142D478FFFBD}"
EndProject
Project("{FAE04EC0-301F-11D3-BF4B-00C04F79EFBC}") = "Assembly-CSharp-firstpass", "Assembly-CSharp-firstpass.csproj", "{137D77F6-A836-9475-13A8-9E1B3175998B}"
EndProject
Project("{FAE04EC0-301F-11D3-BF4B-00C04F79EFBC}") = "Assembly-CSharp-Editor-firstpass", "Assembly-CSharp-Editor-firstpass.csproj", "{14EEAEB7-4693-921A-190B-9EDCF4CAACBA}"
EndProject
Global
	GlobalSection(SolutionConfigurationPlatforms) = preSolution
		Debug|Any CPU = Debug|Any CPU
		Release|Any CPU = Release|Any CPU
	EndGlobalSection
	GlobalSection(ProjectConfigurationPlatforms) = postSolution
		{7BEAFC34-E897-860B-3660-142D478FFFBD}.Debug|Any CPU.ActiveCfg = Debug|Any CPU
		{7BEAFC34-E897-860B-3660-142D478FFFBD}.Debug|Any CPU.Build.0 = Debug|Any CPU
		{7BEAFC34-E897-860B-3660-142D478FFFBD}.Release|Any CPU.ActiveCfg = Release|Any CPU
		{7BEAFC34-E897-860B-3660-142D478FFFBD}.Release|Any CPU.Build.0 = Release|Any CPU
		{137D77F6-A836-9475-13A8-9E1B3175998B}.Debug|Any CPU.ActiveCfg = Debug|Any CPU
		{137D77F6-A836-9475-13A8-9E1B3175998B}.Debug|Any CPU.Build.0 = Debug|Any CPU
		{137D77F6-A836-9475-13A8-9E1B3175998B}.Release|Any CPU.ActiveCfg = Release|Any CPU
		{137D77F6-A836-9475-13A8-9E1B3175998B}.Release|Any CPU.Build.0 = Release|Any CPU
		{14EEAEB7-4693-921A-190B-9EDCF4CAACBA}.Debug|Any CPU.ActiveCfg = Debug|Any CPU
		{14EEAEB7-4693-921A-190B-9EDCF4CAACBA}.Debug|Any CPU.Build.0 = Debug|Any CPU
		{14EEAEB7-4693-921A-190B-9EDCF4CAACBA}.Release|Any CPU.ActiveCfg = Release|Any CPU
		{14EEAEB7-4693-921A-190B-9EDCF4CAACBA}.Release|Any CPU.Build.0 = Release|Any CPU
	EndGlobalSection
	GlobalSection(SolutionProperties) = preSolution
		HideSolutionNode = FALSE
	EndGlobalSection
EndGlobal
