
Microsoft Visual Studio Solution File, Format Version 12.00
# Visual Studio 15
Project("{FAE04EC0-301F-11D3-BF4B-00C04F79EFBC}") = "Assembly-CSharp", "Assembly-CSharp.csproj", "{DE5380F0-34FC-07F5-8600-B231E60F9D87}"
EndProject
Project("{FAE04EC0-301F-11D3-BF4B-00C04F79EFBC}") = "Assembly-CSharp-Editor", "Assembly-CSharp-Editor.csproj", "{F1DFB8A7-8725-CD50-55A7-2DADF30415C4}"
EndProject
Global
	GlobalSection(SolutionConfigurationPlatforms) = preSolution
		Debug|Any CPU = Debug|Any CPU
		Release|Any CPU = Release|Any CPU
	EndGlobalSection
	GlobalSection(ProjectConfigurationPlatforms) = postSolution
		{DE5380F0-34FC-07F5-8600-B231E60F9D87}.Debug|Any CPU.ActiveCfg = Debug|Any CPU
		{DE5380F0-34FC-07F5-8600-B231E60F9D87}.Debug|Any CPU.Build.0 = Debug|Any CPU
		{DE5380F0-34FC-07F5-8600-B231E60F9D87}.Release|Any CPU.ActiveCfg = Release|Any CPU
		{DE5380F0-34FC-07F5-8600-B231E60F9D87}.Release|Any CPU.Build.0 = Release|Any CPU
		{F1DFB8A7-8725-CD50-55A7-2DADF30415C4}.Debug|Any CPU.ActiveCfg = Debug|Any CPU
		{F1DFB8A7-8725-CD50-55A7-2DADF30415C4}.Debug|Any CPU.Build.0 = Debug|Any CPU
		{F1DFB8A7-8725-CD50-55A7-2DADF30415C4}.Release|Any CPU.ActiveCfg = Release|Any CPU
		{F1DFB8A7-8725-CD50-55A7-2DADF30415C4}.Release|Any CPU.Build.0 = Release|Any CPU
	EndGlobalSection
	GlobalSection(SolutionProperties) = preSolution
		HideSolutionNode = FALSE
	EndGlobalSection
EndGlobal
